dependencies:
- name: helm-product
  repository: oci://ghcr.io/onecx/charts
  version: 0.4.0
- name: onecx-user-profile-svc
  repository: oci://ghcr.io/onecx/charts
  version: 1.14.0-rc.2
- name: onecx-user-profile-avatar-svc
  repository: oci://ghcr.io/onecx/charts
  version: 1.13.0-rc.2
- name: onecx-user-profile-bff
  repository: oci://ghcr.io/onecx/charts
  version: 1.14.0-rc.1
- name: onecx-user-profile-ui
  repository: oci://ghcr.io/onecx/charts
  version: 1.13.0-rc.1
digest: sha256:063c25abbe0d28f8914f64634479cc374d12626a2516a370f492970a1ae750b2
generated: "2026-05-20T03:59:48.979590963Z"
